// !$*UTF8*$!
{
	archiveVersion = 1;
	classes = {
	};
	objectVersion = 55;
	objects = {

/* Begin PBXBuildFile section */
		65269527286500790074D9E0 /* FeedCachePolicy.swift in Sources */ = {isa = PBXBuildFile; fileRef = 65269526286500790074D9E0 /* FeedCachePolicy.swift */; };
		6526952D286B16850074D9E0 /* FeedStoreSpecs.swift in Sources */ = {isa = PBXBuildFile; fileRef = 6526952C286B16850074D9E0 /* FeedStoreSpecs.swift */; };
		6526952F286B172A0074D9E0 /* XCTestCase+FeedStoreSpecs.swift in Sources */ = {isa = PBXBuildFile; fileRef = 6526952E286B172A0074D9E0 /* XCTestCase+FeedStoreSpecs.swift */; };
		65269531286B877B0074D9E0 /* CoreDataFeedStoreTests.swift in Sources */ = {isa = PBXBuildFile; fileRef = 65269530286B877B0074D9E0 /* CoreDataFeedStoreTests.swift */; };
		65269533286B88DA0074D9E0 /* CoreDataFeedStore.swift in Sources */ = {isa = PBXBuildFile; fileRef = 65269532286B88DA0074D9E0 /* CoreDataFeedStore.swift */; };
		65269536286B8A0A0074D9E0 /* FeedStore.xcdatamodeld in Sources */ = {isa = PBXBuildFile; fileRef = 65269534286B8A0A0074D9E0 /* FeedStore.xcdatamodeld */; };
		65315410286C6885009F62E2 /* CoreDataHelpers.swift in Sources */ = {isa = PBXBuildFile; fileRef = 6531540F286C6885009F62E2 /* CoreDataHelpers.swift */; };
		65315412286C68F5009F62E2 /* ManagedCache.swift in Sources */ = {isa = PBXBuildFile; fileRef = 65315411286C68F5009F62E2 /* ManagedCache.swift */; };
		65315414286C68FF009F62E2 /* ManagedFeedImage.swift in Sources */ = {isa = PBXBuildFile; fileRef = 65315413286C68FF009F62E2 /* ManagedFeedImage.swift */; };
		6531541C286CC025009F62E2 /* EssentialFeedCacheIntegrationTests.swift in Sources */ = {isa = PBXBuildFile; fileRef = 6531541B286CC025009F62E2 /* EssentialFeedCacheIntegrationTests.swift */; };
		6531541D286CC025009F62E2 /* EssentialFeed.framework in Frameworks */ = {isa = PBXBuildFile; fileRef = C1BF368727BEE52600EFEF6E /* EssentialFeed.framework */; };
		65315423286CC175009F62E2 /* XCTestCase+MemoryLeakTracking.swift in Sources */ = {isa = PBXBuildFile; fileRef = 6565D00D284F777C006573D2 /* XCTestCase+MemoryLeakTracking.swift */; };
		65315424286CC2C5009F62E2 /* FeedCacheTestHelpers.swift in Sources */ = {isa = PBXBuildFile; fileRef = 65CC4E0828648B7A00725797 /* FeedCacheTestHelpers.swift */; };
		65315425286CC2D9009F62E2 /* SharedTestHelpers.swift in Sources */ = {isa = PBXBuildFile; fileRef = 65CC4E0A28648C7C00725797 /* SharedTestHelpers.swift */; };
		65329BBA2940C6B600C613E4 /* FeedImageViewModel.swift in Sources */ = {isa = PBXBuildFile; fileRef = 65329BB92940C6B600C613E4 /* FeedImageViewModel.swift */; };
		65329BBB2940C80500C613E4 /* FeedImageViewModel.swift in Sources */ = {isa = PBXBuildFile; fileRef = 65329BB92940C6B600C613E4 /* FeedImageViewModel.swift */; };
		653780F22881854000EF2620 /* EssentialFeediOS.framework in Frameworks */ = {isa = PBXBuildFile; fileRef = 653780E82881853F00EF2620 /* EssentialFeediOS.framework */; };
		6565D00B2844D5E4006573D2 /* URLSessionHTTPClientTests.swift in Sources */ = {isa = PBXBuildFile; fileRef = 6565D00A2844D5E4006573D2 /* URLSessionHTTPClientTests.swift */; };
		6565D00E284F777C006573D2 /* XCTestCase+MemoryLeakTracking.swift in Sources */ = {isa = PBXBuildFile; fileRef = 6565D00D284F777C006573D2 /* XCTestCase+MemoryLeakTracking.swift */; };
		6565D010284FF85F006573D2 /* URLSessionHTTPClient.swift in Sources */ = {isa = PBXBuildFile; fileRef = 6565D00F284FF85F006573D2 /* URLSessionHTTPClient.swift */; };
		6565D0182850EC67006573D2 /* EssentialFeedAPIEndToEndTests.swift in Sources */ = {isa = PBXBuildFile; fileRef = 6565D0172850EC67006573D2 /* EssentialFeedAPIEndToEndTests.swift */; };
		6565D0192850EC67006573D2 /* EssentialFeed.framework in Frameworks */ = {isa = PBXBuildFile; fileRef = C1BF368727BEE52600EFEF6E /* EssentialFeed.framework */; };
		6565D01F2850FA71006573D2 /* XCTestCase+MemoryLeakTracking.swift in Sources */ = {isa = PBXBuildFile; fileRef = 6565D00D284F777C006573D2 /* XCTestCase+MemoryLeakTracking.swift */; };
		65841487292EBA0F0095A05C /* FeedImageCell.swift in Sources */ = {isa = PBXBuildFile; fileRef = 65841486292EBA0F0095A05C /* FeedImageCell.swift */; };
		65841488292EBE5C0095A05C /* FeedImageCell.swift in Sources */ = {isa = PBXBuildFile; fileRef = 65841486292EBA0F0095A05C /* FeedImageCell.swift */; };
		6584F89428578B0E007E6E1C /* README.md in Resources */ = {isa = PBXBuildFile; fileRef = 6584F89328578B0E007E6E1C /* README.md */; };
		6584F8982857C7E3007E6E1C /* CacheFeedUseCaseTests.swift in Sources */ = {isa = PBXBuildFile; fileRef = 6584F8972857C7E3007E6E1C /* CacheFeedUseCaseTests.swift */; };
		6584F89B28590CB0007E6E1C /* LocalFeedLoader.swift in Sources */ = {isa = PBXBuildFile; fileRef = 6584F89A28590CB0007E6E1C /* LocalFeedLoader.swift */; };
		6584F89D28590D30007E6E1C /* FeedStore.swift in Sources */ = {isa = PBXBuildFile; fileRef = 6584F89C28590D30007E6E1C /* FeedStore.swift */; };
		6584F89F285A2A06007E6E1C /* RemoteFeedItem.swift in Sources */ = {isa = PBXBuildFile; fileRef = 6584F89E285A2A06007E6E1C /* RemoteFeedItem.swift */; };
		6584F8A1285A2A59007E6E1C /* LocalFeedImage.swift in Sources */ = {isa = PBXBuildFile; fileRef = 6584F8A0285A2A59007E6E1C /* LocalFeedImage.swift */; };
		65A4508D293138790084F70F /* UIView+Shimmering.swift in Sources */ = {isa = PBXBuildFile; fileRef = 65A4508C293138790084F70F /* UIView+Shimmering.swift */; };
		65A45090293234E30084F70F /* UIImage+TestHelpers.swift in Sources */ = {isa = PBXBuildFile; fileRef = 65A4508F293234E30084F70F /* UIImage+TestHelpers.swift */; };
		65A45092293235380084F70F /* UIRefreshControl+TestHelpers.swift in Sources */ = {isa = PBXBuildFile; fileRef = 65A45091293235380084F70F /* UIRefreshControl+TestHelpers.swift */; };
		65A450942932358C0084F70F /* UIButton+TestHelpers.swift in Sources */ = {isa = PBXBuildFile; fileRef = 65A450932932358C0084F70F /* UIButton+TestHelpers.swift */; };
		65A45096293236100084F70F /* UIControl+TestHelpers.swift in Sources */ = {isa = PBXBuildFile; fileRef = 65A45095293236100084F70F /* UIControl+TestHelpers.swift */; };
		65A4509B293237A50084F70F /* FeedViewController+TestHelpers.swift in Sources */ = {isa = PBXBuildFile; fileRef = 65A4509A293237A50084F70F /* FeedViewController+TestHelpers.swift */; };
		65A4509D2932381F0084F70F /* FeedImageCell+TestHelpers.swift in Sources */ = {isa = PBXBuildFile; fileRef = 65A4509C2932381F0084F70F /* FeedImageCell+TestHelpers.swift */; };
		65A4509F2932387C0084F70F /* FeedViewControllerTests+LoaderSpy.swift in Sources */ = {isa = PBXBuildFile; fileRef = 65A4509E2932387C0084F70F /* FeedViewControllerTests+LoaderSpy.swift */; };
		65A450A12932392E0084F70F /* FeedViewControllerTests+Assertions.swift in Sources */ = {isa = PBXBuildFile; fileRef = 65A450A02932392E0084F70F /* FeedViewControllerTests+Assertions.swift */; };
		65A450A629323B470084F70F /* FeedImageDataLoader.swift in Sources */ = {isa = PBXBuildFile; fileRef = 65A450A529323B470084F70F /* FeedImageDataLoader.swift */; };
		65A450A729323C120084F70F /* FeedImageDataLoader.swift in Sources */ = {isa = PBXBuildFile; fileRef = 65A450A529323B470084F70F /* FeedImageDataLoader.swift */; };
		65A450A929323DEA0084F70F /* FeedRefreshViewController.swift in Sources */ = {isa = PBXBuildFile; fileRef = 65A450A829323DEA0084F70F /* FeedRefreshViewController.swift */; };
		65A450AA29323F6E0084F70F /* FeedRefreshViewController.swift in Sources */ = {isa = PBXBuildFile; fileRef = 65A450A829323DEA0084F70F /* FeedRefreshViewController.swift */; };
		65A450AC2934C5490084F70F /* FeedImageCellController.swift in Sources */ = {isa = PBXBuildFile; fileRef = 65A450AB2934C5490084F70F /* FeedImageCellController.swift */; };
		65A450AD2934C5780084F70F /* FeedImageCellController.swift in Sources */ = {isa = PBXBuildFile; fileRef = 65A450AB2934C5490084F70F /* FeedImageCellController.swift */; };
		65A450B02934C91F0084F70F /* FeedUIComposer.swift in Sources */ = {isa = PBXBuildFile; fileRef = 65A450AF2934C91F0084F70F /* FeedUIComposer.swift */; };
		65A450B12934C9470084F70F /* FeedUIComposer.swift in Sources */ = {isa = PBXBuildFile; fileRef = 65A450AF2934C91F0084F70F /* FeedUIComposer.swift */; };
		65B0734928C663A400B7A061 /* FeedViewControllerTests.swift in Sources */ = {isa = PBXBuildFile; fileRef = 65B0734828C663A400B7A061 /* FeedViewControllerTests.swift */; };
		65B0734B28C75BAE00B7A061 /* EssentialFeed.framework in Frameworks */ = {isa = PBXBuildFile; fileRef = C1BF368727BEE52600EFEF6E /* EssentialFeed.framework */; platformFilter = ios; };
		65B0734C28C75BAE00B7A061 /* EssentialFeed.framework in Embed Frameworks */ = {isa = PBXBuildFile; fileRef = C1BF368727BEE52600EFEF6E /* EssentialFeed.framework */; platformFilter = ios; settings = {ATTRIBUTES = (CodeSignOnCopy, RemoveHeadersOnCopy, ); }; };
		65B0735128C75DCF00B7A061 /* XCTestCase+MemoryLeakTracking.swift in Sources */ = {isa = PBXBuildFile; fileRef = 6565D00D284F777C006573D2 /* XCTestCase+MemoryLeakTracking.swift */; };
		65B0735328C76EC800B7A061 /* FeedViewController.swift in Sources */ = {isa = PBXBuildFile; fileRef = 65B0735228C76EC800B7A061 /* FeedViewController.swift */; };
		65B0735428C76F0B00B7A061 /* FeedViewController.swift in Sources */ = {isa = PBXBuildFile; fileRef = 65B0735228C76EC800B7A061 /* FeedViewController.swift */; };
		65CC4E022862033800725797 /* LoadFeedFromCacheUseCaseTests.swift in Sources */ = {isa = PBXBuildFile; fileRef = 65CC4E012862033800725797 /* LoadFeedFromCacheUseCaseTests.swift */; };
		65CC4E052862053A00725797 /* FeedStoreSpy.swift in Sources */ = {isa = PBXBuildFile; fileRef = 65CC4E042862053A00725797 /* FeedStoreSpy.swift */; };
		65CC4E072864875600725797 /* ValidateFeedCacheUseCaseTests.swift in Sources */ = {isa = PBXBuildFile; fileRef = 65CC4E062864875600725797 /* ValidateFeedCacheUseCaseTests.swift */; };
		65CC4E0928648B7A00725797 /* FeedCacheTestHelpers.swift in Sources */ = {isa = PBXBuildFile; fileRef = 65CC4E0828648B7A00725797 /* FeedCacheTestHelpers.swift */; };
		65CC4E0B28648C7C00725797 /* SharedTestHelpers.swift in Sources */ = {isa = PBXBuildFile; fileRef = 65CC4E0A28648C7C00725797 /* SharedTestHelpers.swift */; };
		65E657732967171D00D0CB9C /* FeedPresenter.swift in Sources */ = {isa = PBXBuildFile; fileRef = 65E657722967171C00D0CB9C /* FeedPresenter.swift */; };
		65E6577429671CD900D0CB9C /* FeedPresenter.swift in Sources */ = {isa = PBXBuildFile; fileRef = 65E657722967171C00D0CB9C /* FeedPresenter.swift */; };
		C1BF369227BEE52600EFEF6E /* EssentialFeed.framework in Frameworks */ = {isa = PBXBuildFile; fileRef = C1BF368727BEE52600EFEF6E /* EssentialFeed.framework */; };
		C1BF36A227BEE58800EFEF6E /* FeedImage.swift in Sources */ = {isa = PBXBuildFile; fileRef = C1BF36A127BEE58800EFEF6E /* FeedImage.swift */; };
		C1BF36A427BEE65600EFEF6E /* FeedLoader.swift in Sources */ = {isa = PBXBuildFile; fileRef = C1BF36A327BEE65600EFEF6E /* FeedLoader.swift */; };
		C1BF36AF27C404FD00EFEF6E /* RemoteFeedLoader.swift in Sources */ = {isa = PBXBuildFile; fileRef = C1BF36AE27C404FD00EFEF6E /* RemoteFeedLoader.swift */; };
		C1D6EAB127F7021100F520AB /* HTTPClient.swift in Sources */ = {isa = PBXBuildFile; fileRef = C1D6EAB027F7021100F520AB /* HTTPClient.swift */; };
		C1D6EAB327F7048C00F520AB /* FeedItemMapper.swift in Sources */ = {isa = PBXBuildFile; fileRef = C1D6EAB227F7048C00F520AB /* FeedItemMapper.swift */; };
/* End PBXBuildFile section */

/* Begin PBXContainerItemProxy section */
		6531541E286CC025009F62E2 /* PBXContainerItemProxy */ = {
			isa = PBXContainerItemProxy;
			containerPortal = C1BF367E27BEE52600EFEF6E /* Project object */;
			proxyType = 1;
			remoteGlobalIDString = C1BF368627BEE52600EFEF6E;
			remoteInfo = EssentialFeed;
		};
		653780F32881854000EF2620 /* PBXContainerItemProxy */ = {
			isa = PBXContainerItemProxy;
			containerPortal = C1BF367E27BEE52600EFEF6E /* Project object */;
			proxyType = 1;
			remoteGlobalIDString = 653780E72881853F00EF2620;
			remoteInfo = EssentialFeediOS;
		};
		6565D01A2850EC67006573D2 /* PBXContainerItemProxy */ = {
			isa = PBXContainerItemProxy;
			containerPortal = C1BF367E27BEE52600EFEF6E /* Project object */;
			proxyType = 1;
			remoteGlobalIDString = C1BF368627BEE52600EFEF6E;
			remoteInfo = EssentialFeed;
		};
		65B0734D28C75BAE00B7A061 /* PBXContainerItemProxy */ = {
			isa = PBXContainerItemProxy;
			containerPortal = C1BF367E27BEE52600EFEF6E /* Project object */;
			proxyType = 1;
			remoteGlobalIDString = C1BF368627BEE52600EFEF6E;
			remoteInfo = EssentialFeed;
		};
		C1BF369327BEE52600EFEF6E /* PBXContainerItemProxy */ = {
			isa = PBXContainerItemProxy;
			containerPortal = C1BF367E27BEE52600EFEF6E /* Project object */;
			proxyType = 1;
			remoteGlobalIDString = C1BF368627BEE52600EFEF6E;
			remoteInfo = EssentialFeed;
		};
/* End PBXContainerItemProxy section */

/* Begin PBXCopyFilesBuildPhase section */
		65B0734F28C75BAF00B7A061 /* Embed Frameworks */ = {
			isa = PBXCopyFilesBuildPhase;
			buildActionMask = 2147483647;
			dstPath = "";
			dstSubfolderSpec = 10;
			files = (
				65B0734C28C75BAE00B7A061 /* EssentialFeed.framework in Embed Frameworks */,
			);
			name = "Embed Frameworks";
			runOnlyForDeploymentPostprocessing = 0;
		};
/* End PBXCopyFilesBuildPhase section */

/* Begin PBXFileReference section */
		65269526286500790074D9E0 /* FeedCachePolicy.swift */ = {isa = PBXFileReference; lastKnownFileType = sourcecode.swift; path = FeedCachePolicy.swift; sourceTree = "<group>"; };
		6526952C286B16850074D9E0 /* FeedStoreSpecs.swift */ = {isa = PBXFileReference; lastKnownFileType = sourcecode.swift; path = FeedStoreSpecs.swift; sourceTree = "<group>"; };
		6526952E286B172A0074D9E0 /* XCTestCase+FeedStoreSpecs.swift */ = {isa = PBXFileReference; lastKnownFileType = sourcecode.swift; path = "XCTestCase+FeedStoreSpecs.swift"; sourceTree = "<group>"; };
		65269530286B877B0074D9E0 /* CoreDataFeedStoreTests.swift */ = {isa = PBXFileReference; lastKnownFileType = sourcecode.swift; path = CoreDataFeedStoreTests.swift; sourceTree = "<group>"; };
		65269532286B88DA0074D9E0 /* CoreDataFeedStore.swift */ = {isa = PBXFileReference; lastKnownFileType = sourcecode.swift; path = CoreDataFeedStore.swift; sourceTree = "<group>"; };
		65269535286B8A0A0074D9E0 /* FeedStore.xcdatamodel */ = {isa = PBXFileReference; lastKnownFileType = wrapper.xcdatamodel; path = FeedStore.xcdatamodel; sourceTree = "<group>"; };
		6531540F286C6885009F62E2 /* CoreDataHelpers.swift */ = {isa = PBXFileReference; lastKnownFileType = sourcecode.swift; path = CoreDataHelpers.swift; sourceTree = "<group>"; };
		65315411286C68F5009F62E2 /* ManagedCache.swift */ = {isa = PBXFileReference; lastKnownFileType = sourcecode.swift; path = ManagedCache.swift; sourceTree = "<group>"; };
		65315413286C68FF009F62E2 /* ManagedFeedImage.swift */ = {isa = PBXFileReference; lastKnownFileType = sourcecode.swift; path = ManagedFeedImage.swift; sourceTree = "<group>"; };
		65315419286CC025009F62E2 /* EssentialFeedCacheIntegrationTests.xctest */ = {isa = PBXFileReference; explicitFileType = wrapper.cfbundle; includeInIndex = 0; path = EssentialFeedCacheIntegrationTests.xctest; sourceTree = BUILT_PRODUCTS_DIR; };
		6531541B286CC025009F62E2 /* EssentialFeedCacheIntegrationTests.swift */ = {isa = PBXFileReference; lastKnownFileType = sourcecode.swift; path = EssentialFeedCacheIntegrationTests.swift; sourceTree = "<group>"; };
		65329BB92940C6B600C613E4 /* FeedImageViewModel.swift */ = {isa = PBXFileReference; lastKnownFileType = sourcecode.swift; path = FeedImageViewModel.swift; sourceTree = "<group>"; };
		653780E82881853F00EF2620 /* EssentialFeediOS.framework */ = {isa = PBXFileReference; explicitFileType = wrapper.framework; includeInIndex = 0; path = EssentialFeediOS.framework; sourceTree = BUILT_PRODUCTS_DIR; };
		653780F12881854000EF2620 /* EssentialFeediOSTests.xctest */ = {isa = PBXFileReference; explicitFileType = wrapper.cfbundle; includeInIndex = 0; path = EssentialFeediOSTests.xctest; sourceTree = BUILT_PRODUCTS_DIR; };
		6565D00A2844D5E4006573D2 /* URLSessionHTTPClientTests.swift */ = {isa = PBXFileReference; lastKnownFileType = sourcecode.swift; path = URLSessionHTTPClientTests.swift; sourceTree = "<group>"; };
		6565D00D284F777C006573D2 /* XCTestCase+MemoryLeakTracking.swift */ = {isa = PBXFileReference; lastKnownFileType = sourcecode.swift; path = "XCTestCase+MemoryLeakTracking.swift"; sourceTree = "<group>"; };
		6565D00F284FF85F006573D2 /* URLSessionHTTPClient.swift */ = {isa = PBXFileReference; lastKnownFileType = sourcecode.swift; path = URLSessionHTTPClient.swift; sourceTree = "<group>"; };
		6565D0152850EC67006573D2 /* EssentialFeedAPIEndToEndTests.xctest */ = {isa = PBXFileReference; explicitFileType = wrapper.cfbundle; includeInIndex = 0; path = EssentialFeedAPIEndToEndTests.xctest; sourceTree = BUILT_PRODUCTS_DIR; };
		6565D0172850EC67006573D2 /* EssentialFeedAPIEndToEndTests.swift */ = {isa = PBXFileReference; lastKnownFileType = sourcecode.swift; path = EssentialFeedAPIEndToEndTests.swift; sourceTree = "<group>"; };
		65841486292EBA0F0095A05C /* FeedImageCell.swift */ = {isa = PBXFileReference; lastKnownFileType = sourcecode.swift; path = FeedImageCell.swift; sourceTree = "<group>"; };
		6584F89328578B0E007E6E1C /* README.md */ = {isa = PBXFileReference; lastKnownFileType = net.daringfireball.markdown; path = README.md; sourceTree = "<group>"; };
		6584F8972857C7E3007E6E1C /* CacheFeedUseCaseTests.swift */ = {isa = PBXFileReference; lastKnownFileType = sourcecode.swift; path = CacheFeedUseCaseTests.swift; sourceTree = "<group>"; };
		6584F89A28590CB0007E6E1C /* LocalFeedLoader.swift */ = {isa = PBXFileReference; lastKnownFileType = sourcecode.swift; path = LocalFeedLoader.swift; sourceTree = "<group>"; };
		6584F89C28590D30007E6E1C /* FeedStore.swift */ = {isa = PBXFileReference; lastKnownFileType = sourcecode.swift; path = FeedStore.swift; sourceTree = "<group>"; };
		6584F89E285A2A06007E6E1C /* RemoteFeedItem.swift */ = {isa = PBXFileReference; lastKnownFileType = sourcecode.swift; path = RemoteFeedItem.swift; sourceTree = "<group>"; };
		6584F8A0285A2A59007E6E1C /* LocalFeedImage.swift */ = {isa = PBXFileReference; lastKnownFileType = sourcecode.swift; path = LocalFeedImage.swift; sourceTree = "<group>"; };
		65A4508C293138790084F70F /* UIView+Shimmering.swift */ = {isa = PBXFileReference; lastKnownFileType = sourcecode.swift; path = "UIView+Shimmering.swift"; sourceTree = "<group>"; };
		65A4508F293234E30084F70F /* UIImage+TestHelpers.swift */ = {isa = PBXFileReference; lastKnownFileType = sourcecode.swift; path = "UIImage+TestHelpers.swift"; sourceTree = "<group>"; };
		65A45091293235380084F70F /* UIRefreshControl+TestHelpers.swift */ = {isa = PBXFileReference; lastKnownFileType = sourcecode.swift; path = "UIRefreshControl+TestHelpers.swift"; sourceTree = "<group>"; };
		65A450932932358C0084F70F /* UIButton+TestHelpers.swift */ = {isa = PBXFileReference; lastKnownFileType = sourcecode.swift; path = "UIButton+TestHelpers.swift"; sourceTree = "<group>"; };
		65A45095293236100084F70F /* UIControl+TestHelpers.swift */ = {isa = PBXFileReference; lastKnownFileType = sourcecode.swift; path = "UIControl+TestHelpers.swift"; sourceTree = "<group>"; };
		65A4509A293237A50084F70F /* FeedViewController+TestHelpers.swift */ = {isa = PBXFileReference; lastKnownFileType = sourcecode.swift; path = "FeedViewController+TestHelpers.swift"; sourceTree = "<group>"; };
		65A4509C2932381F0084F70F /* FeedImageCell+TestHelpers.swift */ = {isa = PBXFileReference; lastKnownFileType = sourcecode.swift; path = "FeedImageCell+TestHelpers.swift"; sourceTree = "<group>"; };
		65A4509E2932387C0084F70F /* FeedViewControllerTests+LoaderSpy.swift */ = {isa = PBXFileReference; lastKnownFileType = sourcecode.swift; path = "FeedViewControllerTests+LoaderSpy.swift"; sourceTree = "<group>"; };
		65A450A02932392E0084F70F /* FeedViewControllerTests+Assertions.swift */ = {isa = PBXFileReference; lastKnownFileType = sourcecode.swift; path = "FeedViewControllerTests+Assertions.swift"; sourceTree = "<group>"; };
		65A450A529323B470084F70F /* FeedImageDataLoader.swift */ = {isa = PBXFileReference; lastKnownFileType = sourcecode.swift; path = FeedImageDataLoader.swift; sourceTree = "<group>"; };
		65A450A829323DEA0084F70F /* FeedRefreshViewController.swift */ = {isa = PBXFileReference; lastKnownFileType = sourcecode.swift; path = FeedRefreshViewController.swift; sourceTree = "<group>"; };
		65A450AB2934C5490084F70F /* FeedImageCellController.swift */ = {isa = PBXFileReference; lastKnownFileType = sourcecode.swift; path = FeedImageCellController.swift; sourceTree = "<group>"; };
		65A450AF2934C91F0084F70F /* FeedUIComposer.swift */ = {isa = PBXFileReference; lastKnownFileType = sourcecode.swift; path = FeedUIComposer.swift; sourceTree = "<group>"; };
		65B0734828C663A400B7A061 /* FeedViewControllerTests.swift */ = {isa = PBXFileReference; lastKnownFileType = sourcecode.swift; path = FeedViewControllerTests.swift; sourceTree = "<group>"; };
		65B0735228C76EC800B7A061 /* FeedViewController.swift */ = {isa = PBXFileReference; lastKnownFileType = sourcecode.swift; path = FeedViewController.swift; sourceTree = "<group>"; };
		65CC4E012862033800725797 /* LoadFeedFromCacheUseCaseTests.swift */ = {isa = PBXFileReference; lastKnownFileType = sourcecode.swift; path = LoadFeedFromCacheUseCaseTests.swift; sourceTree = "<group>"; };
		65CC4E042862053A00725797 /* FeedStoreSpy.swift */ = {isa = PBXFileReference; lastKnownFileType = sourcecode.swift; path = FeedStoreSpy.swift; sourceTree = "<group>"; };
		65CC4E062864875600725797 /* ValidateFeedCacheUseCaseTests.swift */ = {isa = PBXFileReference; lastKnownFileType = sourcecode.swift; path = ValidateFeedCacheUseCaseTests.swift; sourceTree = "<group>"; };
		65CC4E0828648B7A00725797 /* FeedCacheTestHelpers.swift */ = {isa = PBXFileReference; lastKnownFileType = sourcecode.swift; path = FeedCacheTestHelpers.swift; sourceTree = "<group>"; };
		65CC4E0A28648C7C00725797 /* SharedTestHelpers.swift */ = {isa = PBXFileReference; lastKnownFileType = sourcecode.swift; path = SharedTestHelpers.swift; sourceTree = "<group>"; };
		65E657722967171C00D0CB9C /* FeedPresenter.swift */ = {isa = PBXFileReference; lastKnownFileType = sourcecode.swift; path = FeedPresenter.swift; sourceTree = "<group>"; };
		C1BF368727BEE52600EFEF6E /* EssentialFeed.framework */ = {isa = PBXFileReference; explicitFileType = wrapper.framework; includeInIndex = 0; path = EssentialFeed.framework; sourceTree = BUILT_PRODUCTS_DIR; };
		C1BF369127BEE52600EFEF6E /* EssentialFeedTests.xctest */ = {isa = PBXFileReference; explicitFileType = wrapper.cfbundle; includeInIndex = 0; path = EssentialFeedTests.xctest; sourceTree = BUILT_PRODUCTS_DIR; };
		C1BF36A127BEE58800EFEF6E /* FeedImage.swift */ = {isa = PBXFileReference; lastKnownFileType = sourcecode.swift; path = FeedImage.swift; sourceTree = "<group>"; };
		C1BF36A327BEE65600EFEF6E /* FeedLoader.swift */ = {isa = PBXFileReference; lastKnownFileType = sourcecode.swift; path = FeedLoader.swift; sourceTree = "<group>"; };
		C1BF36AB27C3A9D500EFEF6E /* LoadFeedFromRemoteUseCaseTests.swift */ = {isa = PBXFileReference; lastKnownFileType = sourcecode.swift; path = LoadFeedFromRemoteUseCaseTests.swift; sourceTree = "<group>"; };
		C1BF36AE27C404FD00EFEF6E /* RemoteFeedLoader.swift */ = {isa = PBXFileReference; lastKnownFileType = sourcecode.swift; path = RemoteFeedLoader.swift; sourceTree = "<group>"; };
		C1D6EAB027F7021100F520AB /* HTTPClient.swift */ = {isa = PBXFileReference; lastKnownFileType = sourcecode.swift; path = HTTPClient.swift; sourceTree = "<group>"; };
		C1D6EAB227F7048C00F520AB /* FeedItemMapper.swift */ = {isa = PBXFileReference; lastKnownFileType = sourcecode.swift; path = FeedItemMapper.swift; sourceTree = "<group>"; };
/* End PBXFileReference section */

/* Begin PBXFrameworksBuildPhase section */
		65315416286CC025009F62E2 /* Frameworks */ = {
			isa = PBXFrameworksBuildPhase;
			buildActionMask = 2147483647;
			files = (
				6531541D286CC025009F62E2 /* EssentialFeed.framework in Frameworks */,
			);
			runOnlyForDeploymentPostprocessing = 0;
		};
		653780E52881853F00EF2620 /* Frameworks */ = {
			isa = PBXFrameworksBuildPhase;
			buildActionMask = 2147483647;
			files = (
				65B0734B28C75BAE00B7A061 /* EssentialFeed.framework in Frameworks */,
			);
			runOnlyForDeploymentPostprocessing = 0;
		};
		653780EE2881854000EF2620 /* Frameworks */ = {
			isa = PBXFrameworksBuildPhase;
			buildActionMask = 2147483647;
			files = (
				653780F22881854000EF2620 /* EssentialFeediOS.framework in Frameworks */,
			);
			runOnlyForDeploymentPostprocessing = 0;
		};
		6565D0122850EC67006573D2 /* Frameworks */ = {
			isa = PBXFrameworksBuildPhase;
			buildActionMask = 2147483647;
			files = (
				6565D0192850EC67006573D2 /* EssentialFeed.framework in Frameworks */,
			);
			runOnlyForDeploymentPostprocessing = 0;
		};
		C1BF368427BEE52600EFEF6E /* Frameworks */ = {
			isa = PBXFrameworksBuildPhase;
			buildActionMask = 2147483647;
			files = (
			);
			runOnlyForDeploymentPostprocessing = 0;
		};
		C1BF368E27BEE52600EFEF6E /* Frameworks */ = {
			isa = PBXFrameworksBuildPhase;
			buildActionMask = 2147483647;
			files = (
				C1BF369227BEE52600EFEF6E /* EssentialFeed.framework in Frameworks */,
			);
			runOnlyForDeploymentPostprocessing = 0;
		};
/* End PBXFrameworksBuildPhase section */

/* Begin PBXGroup section */
		6531540C286C6791009F62E2 /* Infrastructure */ = {
			isa = PBXGroup;
			children = (
				6531540D286C6799009F62E2 /* CoreData */,
			);
			path = Infrastructure;
			sourceTree = "<group>";
		};
		6531540D286C6799009F62E2 /* CoreData */ = {
			isa = PBXGroup;
			children = (
				65269534286B8A0A0074D9E0 /* FeedStore.xcdatamodeld */,
				65269532286B88DA0074D9E0 /* CoreDataFeedStore.swift */,
				6531540F286C6885009F62E2 /* CoreDataHelpers.swift */,
				65315411286C68F5009F62E2 /* ManagedCache.swift */,
				65315413286C68FF009F62E2 /* ManagedFeedImage.swift */,
			);
			path = CoreData;
			sourceTree = "<group>";
		};
		6531541A286CC025009F62E2 /* EssentialFeedCacheIntegrationTests */ = {
			isa = PBXGroup;
			children = (
				6531541B286CC025009F62E2 /* EssentialFeedCacheIntegrationTests.swift */,
			);
			path = EssentialFeedCacheIntegrationTests;
			sourceTree = "<group>";
		};
		653780E92881853F00EF2620 /* EssentialFeediOS */ = {
			isa = PBXGroup;
			children = (
				65E65771296716EC00D0CB9C /* Feed Presentation */,
				65A450A429323B1E0084F70F /* Feed Image Loader */,
				65A450A229323A720084F70F /* Feed UI */,
			);
			path = EssentialFeediOS;
			sourceTree = "<group>";
		};
		653780F52881854000EF2620 /* EssentialFeediOSTests */ = {
			isa = PBXGroup;
			children = (
				65A450A329323AD70084F70F /* Feed UI */,
			);
			path = EssentialFeediOSTests;
			sourceTree = "<group>";
		};
		6565D00C284F7731006573D2 /* Helpers */ = {
			isa = PBXGroup;
			children = (
				6565D00D284F777C006573D2 /* XCTestCase+MemoryLeakTracking.swift */,
				65CC4E0A28648C7C00725797 /* SharedTestHelpers.swift */,
			);
			path = Helpers;
			sourceTree = "<group>";
		};
		6565D0162850EC67006573D2 /* EssentialFeedAPIEndToEndTests */ = {
			isa = PBXGroup;
			children = (
				6565D0172850EC67006573D2 /* EssentialFeedAPIEndToEndTests.swift */,
			);
			path = EssentialFeedAPIEndToEndTests;
			sourceTree = "<group>";
		};
		6584F8962857C798007E6E1C /* Feed Cache */ = {
			isa = PBXGroup;
			children = (
				65CC4E032862052300725797 /* Helpers */,
				6584F8972857C7E3007E6E1C /* CacheFeedUseCaseTests.swift */,
				65CC4E012862033800725797 /* LoadFeedFromCacheUseCaseTests.swift */,
				65CC4E062864875600725797 /* ValidateFeedCacheUseCaseTests.swift */,
				6526952C286B16850074D9E0 /* FeedStoreSpecs.swift */,
				6526952E286B172A0074D9E0 /* XCTestCase+FeedStoreSpecs.swift */,
				65269530286B877B0074D9E0 /* CoreDataFeedStoreTests.swift */,
			);
			path = "Feed Cache";
			sourceTree = "<group>";
		};
		6584F89928590C92007E6E1C /* Feed Cache */ = {
			isa = PBXGroup;
			children = (
				6531540C286C6791009F62E2 /* Infrastructure */,
				6584F89A28590CB0007E6E1C /* LocalFeedLoader.swift */,
				6584F89C28590D30007E6E1C /* FeedStore.swift */,
				6584F8A0285A2A59007E6E1C /* LocalFeedImage.swift */,
				65269526286500790074D9E0 /* FeedCachePolicy.swift */,
			);
			path = "Feed Cache";
			sourceTree = "<group>";
		};
		65A4508E293234CA0084F70F /* Helpers */ = {
			isa = PBXGroup;
			children = (
				65A4508F293234E30084F70F /* UIImage+TestHelpers.swift */,
				65A45091293235380084F70F /* UIRefreshControl+TestHelpers.swift */,
				65A450932932358C0084F70F /* UIButton+TestHelpers.swift */,
				65A45095293236100084F70F /* UIControl+TestHelpers.swift */,
				65A4509A293237A50084F70F /* FeedViewController+TestHelpers.swift */,
				65A4509C2932381F0084F70F /* FeedImageCell+TestHelpers.swift */,
				65A4509E2932387C0084F70F /* FeedViewControllerTests+LoaderSpy.swift */,
				65A450A02932392E0084F70F /* FeedViewControllerTests+Assertions.swift */,
			);
			path = Helpers;
			sourceTree = "<group>";
		};
		65A45097293236E40084F70F /* Controllers */ = {
			isa = PBXGroup;
			children = (
				65B0735228C76EC800B7A061 /* FeedViewController.swift */,
				65A450A829323DEA0084F70F /* FeedRefreshViewController.swift */,
				65A450AB2934C5490084F70F /* FeedImageCellController.swift */,
			);
			path = Controllers;
			sourceTree = "<group>";
		};
		65A45098293236EC0084F70F /* Views */ = {
			isa = PBXGroup;
			children = (
				65841486292EBA0F0095A05C /* FeedImageCell.swift */,
				65A4508C293138790084F70F /* UIView+Shimmering.swift */,
			);
			path = Views;
			sourceTree = "<group>";
		};
		65A450992932373A0084F70F /* Controllers */ = {
			isa = PBXGroup;
			children = (
				65A4508E293234CA0084F70F /* Helpers */,
				65B0734828C663A400B7A061 /* FeedViewControllerTests.swift */,
			);
			path = Controllers;
			sourceTree = "<group>";
		};
		65A450A229323A720084F70F /* Feed UI */ = {
			isa = PBXGroup;
			children = (
				65A450AE2934C9100084F70F /* Composers */,
				65A45098293236EC0084F70F /* Views */,
				65A45097293236E40084F70F /* Controllers */,
			);
			path = "Feed UI";
			sourceTree = "<group>";
		};
		65A450A329323AD70084F70F /* Feed UI */ = {
			isa = PBXGroup;
			children = (
				65A450992932373A0084F70F /* Controllers */,
			);
			path = "Feed UI";
			sourceTree = "<group>";
		};
		65A450A429323B1E0084F70F /* Feed Image Loader */ = {
			isa = PBXGroup;
			children = (
				65A450A529323B470084F70F /* FeedImageDataLoader.swift */,
			);
			path = "Feed Image Loader";
			sourceTree = "<group>";
		};
		65A450AE2934C9100084F70F /* Composers */ = {
			isa = PBXGroup;
			children = (
				65A450AF2934C91F0084F70F /* FeedUIComposer.swift */,
			);
			path = Composers;
			sourceTree = "<group>";
		};
		65B0734A28C75BAE00B7A061 /* Frameworks */ = {
			isa = PBXGroup;
			children = (
			);
			name = Frameworks;
			sourceTree = "<group>";
		};
		65CC4E032862052300725797 /* Helpers */ = {
			isa = PBXGroup;
			children = (
				65CC4E042862053A00725797 /* FeedStoreSpy.swift */,
				65CC4E0828648B7A00725797 /* FeedCacheTestHelpers.swift */,
			);
			path = Helpers;
			sourceTree = "<group>";
		};
		65E65771296716EC00D0CB9C /* Feed Presentation */ = {
			isa = PBXGroup;
			children = (
				65329BB92940C6B600C613E4 /* FeedImageViewModel.swift */,
				65E657722967171C00D0CB9C /* FeedPresenter.swift */,
			);
			path = "Feed Presentation";
			sourceTree = "<group>";
		};
		C1BF367D27BEE52600EFEF6E = {
			isa = PBXGroup;
			children = (
				6584F89328578B0E007E6E1C /* README.md */,
				C1BF368927BEE52600EFEF6E /* EssentialFeed */,
				C1BF369527BEE52600EFEF6E /* EssentialFeedTests */,
				6565D0162850EC67006573D2 /* EssentialFeedAPIEndToEndTests */,
				6531541A286CC025009F62E2 /* EssentialFeedCacheIntegrationTests */,
				653780E92881853F00EF2620 /* EssentialFeediOS */,
				653780F52881854000EF2620 /* EssentialFeediOSTests */,
				C1BF368827BEE52600EFEF6E /* Products */,
				65B0734A28C75BAE00B7A061 /* Frameworks */,
			);
			sourceTree = "<group>";
		};
		C1BF368827BEE52600EFEF6E /* Products */ = {
			isa = PBXGroup;
			children = (
				C1BF368727BEE52600EFEF6E /* EssentialFeed.framework */,
				C1BF369127BEE52600EFEF6E /* EssentialFeedTests.xctest */,
				6565D0152850EC67006573D2 /* EssentialFeedAPIEndToEndTests.xctest */,
				65315419286CC025009F62E2 /* EssentialFeedCacheIntegrationTests.xctest */,
				653780E82881853F00EF2620 /* EssentialFeediOS.framework */,
				653780F12881854000EF2620 /* EssentialFeediOSTests.xctest */,
			);
			name = Products;
			sourceTree = "<group>";
		};
		C1BF368927BEE52600EFEF6E /* EssentialFeed */ = {
			isa = PBXGroup;
			children = (
				6584F89928590C92007E6E1C /* Feed Cache */,
				C1BF36A627BEE7EC00EFEF6E /* Feed Feature */,
				C1BF36AD27C404D600EFEF6E /* Feed API */,
			);
			path = EssentialFeed;
			sourceTree = "<group>";
		};
		C1BF369527BEE52600EFEF6E /* EssentialFeedTests */ = {
			isa = PBXGroup;
			children = (
				6565D00C284F7731006573D2 /* Helpers */,
				6584F8962857C798007E6E1C /* Feed Cache */,
				C1D6EAB427F7519000F520AB /* Feed API */,
			);
			path = EssentialFeedTests;
			sourceTree = "<group>";
		};
		C1BF36A627BEE7EC00EFEF6E /* Feed Feature */ = {
			isa = PBXGroup;
			children = (
				C1BF36A127BEE58800EFEF6E /* FeedImage.swift */,
				C1BF36A327BEE65600EFEF6E /* FeedLoader.swift */,
			);
			path = "Feed Feature";
			sourceTree = "<group>";
		};
		C1BF36AD27C404D600EFEF6E /* Feed API */ = {
			isa = PBXGroup;
			children = (
				C1BF36AE27C404FD00EFEF6E /* RemoteFeedLoader.swift */,
				C1D6EAB227F7048C00F520AB /* FeedItemMapper.swift */,
				C1D6EAB027F7021100F520AB /* HTTPClient.swift */,
				6565D00F284FF85F006573D2 /* URLSessionHTTPClient.swift */,
				6584F89E285A2A06007E6E1C /* RemoteFeedItem.swift */,
			);
			path = "Feed API";
			sourceTree = "<group>";
		};
		C1D6EAB427F7519000F520AB /* Feed API */ = {
			isa = PBXGroup;
			children = (
				C1BF36AB27C3A9D500EFEF6E /* LoadFeedFromRemoteUseCaseTests.swift */,
				6565D00A2844D5E4006573D2 /* URLSessionHTTPClientTests.swift */,
			);
			path = "Feed API";
			sourceTree = "<group>";
		};
/* End PBXGroup section */

/* Begin PBXHeadersBuildPhase section */
		653780E32881853F00EF2620 /* Headers */ = {
			isa = PBXHeadersBuildPhase;
			buildActionMask = 2147483647;
			files = (
			);
			runOnlyForDeploymentPostprocessing = 0;
		};
		C1BF368227BEE52600EFEF6E /* Headers */ = {
			isa = PBXHeadersBuildPhase;
			buildActionMask = 2147483647;
			files = (
			);
			runOnlyForDeploymentPostprocessing = 0;
		};
/* End PBXHeadersBuildPhase section */

/* Begin PBXNativeTarget section */
		65315418286CC025009F62E2 /* EssentialFeedCacheIntegrationTests */ = {
			isa = PBXNativeTarget;
			buildConfigurationList = 65315420286CC025009F62E2 /* Build configuration list for PBXNativeTarget "EssentialFeedCacheIntegrationTests" */;
			buildPhases = (
				65315415286CC025009F62E2 /* Sources */,
				65315416286CC025009F62E2 /* Frameworks */,
				65315417286CC025009F62E2 /* Resources */,
			);
			buildRules = (
			);
			dependencies = (
				6531541F286CC025009F62E2 /* PBXTargetDependency */,
			);
			name = EssentialFeedCacheIntegrationTests;
			productName = EssentialFeedCacheIntegrationTests;
			productReference = 65315419286CC025009F62E2 /* EssentialFeedCacheIntegrationTests.xctest */;
			productType = "com.apple.product-type.bundle.unit-test";
		};
		653780E72881853F00EF2620 /* EssentialFeediOS */ = {
			isa = PBXNativeTarget;
			buildConfigurationList = 653780FD2881854000EF2620 /* Build configuration list for PBXNativeTarget "EssentialFeediOS" */;
			buildPhases = (
				653780E32881853F00EF2620 /* Headers */,
				653780E42881853F00EF2620 /* Sources */,
				653780E52881853F00EF2620 /* Frameworks */,
				653780E62881853F00EF2620 /* Resources */,
				65B0734F28C75BAF00B7A061 /* Embed Frameworks */,
			);
			buildRules = (
			);
			dependencies = (
				65B0734E28C75BAE00B7A061 /* PBXTargetDependency */,
			);
			name = EssentialFeediOS;
			productName = EssentialFeediOS;
			productReference = 653780E82881853F00EF2620 /* EssentialFeediOS.framework */;
			productType = "com.apple.product-type.framework";
		};
		653780F02881854000EF2620 /* EssentialFeediOSTests */ = {
			isa = PBXNativeTarget;
			buildConfigurationList = 653780FE2881854000EF2620 /* Build configuration list for PBXNativeTarget "EssentialFeediOSTests" */;
			buildPhases = (
				653780ED2881854000EF2620 /* Sources */,
				653780EE2881854000EF2620 /* Frameworks */,
				653780EF2881854000EF2620 /* Resources */,
			);
			buildRules = (
			);
			dependencies = (
				653780F42881854000EF2620 /* PBXTargetDependency */,
			);
			name = EssentialFeediOSTests;
			productName = EssentialFeediOSTests;
			productReference = 653780F12881854000EF2620 /* EssentialFeediOSTests.xctest */;
			productType = "com.apple.product-type.bundle.unit-test";
		};
		6565D0142850EC67006573D2 /* EssentialFeedAPIEndToEndTests */ = {
			isa = PBXNativeTarget;
			buildConfigurationList = 6565D01C2850EC67006573D2 /* Build configuration list for PBXNativeTarget "EssentialFeedAPIEndToEndTests" */;
			buildPhases = (
				6565D0112850EC67006573D2 /* Sources */,
				6565D0122850EC67006573D2 /* Frameworks */,
				6565D0132850EC67006573D2 /* Resources */,
			);
			buildRules = (
			);
			dependencies = (
				6565D01B2850EC67006573D2 /* PBXTargetDependency */,
			);
			name = EssentialFeedAPIEndToEndTests;
			productName = EssentialFeedAPIEndToEndTests;
			productReference = 6565D0152850EC67006573D2 /* EssentialFeedAPIEndToEndTests.xctest */;
			productType = "com.apple.product-type.bundle.unit-test";
		};
		C1BF368627BEE52600EFEF6E /* EssentialFeed */ = {
			isa = PBXNativeTarget;
			buildConfigurationList = C1BF369B27BEE52600EFEF6E /* Build configuration list for PBXNativeTarget "EssentialFeed" */;
			buildPhases = (
				C1BF368227BEE52600EFEF6E /* Headers */,
				C1BF368327BEE52600EFEF6E /* Sources */,
				C1BF368427BEE52600EFEF6E /* Frameworks */,
				C1BF368527BEE52600EFEF6E /* Resources */,
			);
			buildRules = (
			);
			dependencies = (
			);
			name = EssentialFeed;
			productName = EssentialFeed;
			productReference = C1BF368727BEE52600EFEF6E /* EssentialFeed.framework */;
			productType = "com.apple.product-type.framework";
		};
		C1BF369027BEE52600EFEF6E /* EssentialFeedTests */ = {
			isa = PBXNativeTarget;
			buildConfigurationList = C1BF369E27BEE52600EFEF6E /* Build configuration list for PBXNativeTarget "EssentialFeedTests" */;
			buildPhases = (
				C1BF368D27BEE52600EFEF6E /* Sources */,
				C1BF368E27BEE52600EFEF6E /* Frameworks */,
				C1BF368F27BEE52600EFEF6E /* Resources */,
			);
			buildRules = (
			);
			dependencies = (
				C1BF369427BEE52600EFEF6E /* PBXTargetDependency */,
			);
			name = EssentialFeedTests;
			productName = EssentialFeedTests;
			productReference = C1BF369127BEE52600EFEF6E /* EssentialFeedTests.xctest */;
			productType = "com.apple.product-type.bundle.unit-test";
		};
/* End PBXNativeTarget section */

/* Begin PBXProject section */
		C1BF367E27BEE52600EFEF6E /* Project object */ = {
			isa = PBXProject;
			attributes = {
				BuildIndependentTargetsInParallel = 1;
				LastSwiftUpdateCheck = 1340;
				LastUpgradeCheck = 1310;
				TargetAttributes = {
					65315418286CC025009F62E2 = {
						CreatedOnToolsVersion = 13.4.1;
					};
					653780E72881853F00EF2620 = {
						CreatedOnToolsVersion = 13.4.1;
						LastSwiftMigration = 1340;
					};
					653780F02881854000EF2620 = {
						CreatedOnToolsVersion = 13.4.1;
						LastSwiftMigration = 1340;
					};
					6565D0142850EC67006573D2 = {
						CreatedOnToolsVersion = 13.3;
					};
					C1BF368627BEE52600EFEF6E = {
						CreatedOnToolsVersion = 13.1;
					};
					C1BF369027BEE52600EFEF6E = {
						CreatedOnToolsVersion = 13.1;
						LastSwiftMigration = 1310;
					};
				};
			};
			buildConfigurationList = C1BF368127BEE52600EFEF6E /* Build configuration list for PBXProject "EssentialFeed" */;
			compatibilityVersion = "Xcode 13.0";
			developmentRegion = en;
			hasScannedForEncodings = 0;
			knownRegions = (
				en,
				Base,
			);
			mainGroup = C1BF367D27BEE52600EFEF6E;
			productRefGroup = C1BF368827BEE52600EFEF6E /* Products */;
			projectDirPath = "";
			projectRoot = "";
			targets = (
				C1BF368627BEE52600EFEF6E /* EssentialFeed */,
				C1BF369027BEE52600EFEF6E /* EssentialFeedTests */,
				6565D0142850EC67006573D2 /* EssentialFeedAPIEndToEndTests */,
				65315418286CC025009F62E2 /* EssentialFeedCacheIntegrationTests */,
				653780E72881853F00EF2620 /* EssentialFeediOS */,
				653780F02881854000EF2620 /* EssentialFeediOSTests */,
			);
		};
/* End PBXProject section */

/* Begin PBXResourcesBuildPhase section */
		65315417286CC025009F62E2 /* Resources */ = {
			isa = PBXResourcesBuildPhase;
			buildActionMask = 2147483647;
			files = (
			);
			runOnlyForDeploymentPostprocessing = 0;
		};
		653780E62881853F00EF2620 /* Resources */ = {
			isa = PBXResourcesBuildPhase;
			buildActionMask = 2147483647;
			files = (
			);
			runOnlyForDeploymentPostprocessing = 0;
		};
		653780EF2881854000EF2620 /* Resources */ = {
			isa = PBXResourcesBuildPhase;
			buildActionMask = 2147483647;
			files = (
			);
			runOnlyForDeploymentPostprocessing = 0;
		};
		6565D0132850EC67006573D2 /* Resources */ = {
			isa = PBXResourcesBuildPhase;
			buildActionMask = 2147483647;
			files = (
			);
			runOnlyForDeploymentPostprocessing = 0;
		};
		C1BF368527BEE52600EFEF6E /* Resources */ = {
			isa = PBXResourcesBuildPhase;
			buildActionMask = 2147483647;
			files = (
				6584F89428578B0E007E6E1C /* README.md in Resources */,
			);
			runOnlyForDeploymentPostprocessing = 0;
		};
		C1BF368F27BEE52600EFEF6E /* Resources */ = {
			isa = PBXResourcesBuildPhase;
			buildActionMask = 2147483647;
			files = (
			);
			runOnlyForDeploymentPostprocessing = 0;
		};
/* End PBXResourcesBuildPhase section */

/* Begin PBXSourcesBuildPhase section */
		65315415286CC025009F62E2 /* Sources */ = {
			isa = PBXSourcesBuildPhase;
			buildActionMask = 2147483647;
			files = (
				65315425286CC2D9009F62E2 /* SharedTestHelpers.swift in Sources */,
				6531541C286CC025009F62E2 /* EssentialFeedCacheIntegrationTests.swift in Sources */,
				65315424286CC2C5009F62E2 /* FeedCacheTestHelpers.swift in Sources */,
				65315423286CC175009F62E2 /* XCTestCase+MemoryLeakTracking.swift in Sources */,
			);
			runOnlyForDeploymentPostprocessing = 0;
		};
		653780E42881853F00EF2620 /* Sources */ = {
			isa = PBXSourcesBuildPhase;
			buildActionMask = 2147483647;
			files = (
				65E657732967171D00D0CB9C /* FeedPresenter.swift in Sources */,
				65A450A629323B470084F70F /* FeedImageDataLoader.swift in Sources */,
				65A450A929323DEA0084F70F /* FeedRefreshViewController.swift in Sources */,
				65A4508D293138790084F70F /* UIView+Shimmering.swift in Sources */,
				65B0735328C76EC800B7A061 /* FeedViewController.swift in Sources */,
				65841487292EBA0F0095A05C /* FeedImageCell.swift in Sources */,
				65329BBA2940C6B600C613E4 /* FeedImageViewModel.swift in Sources */,
				65A450AC2934C5490084F70F /* FeedImageCellController.swift in Sources */,
				65A450B02934C91F0084F70F /* FeedUIComposer.swift in Sources */,
			);
			runOnlyForDeploymentPostprocessing = 0;
		};
		653780ED2881854000EF2620 /* Sources */ = {
			isa = PBXSourcesBuildPhase;
			buildActionMask = 2147483647;
			files = (
				65B0734928C663A400B7A061 /* FeedViewControllerTests.swift in Sources */,
				65A45092293235380084F70F /* UIRefreshControl+TestHelpers.swift in Sources */,
				65A450AD2934C5780084F70F /* FeedImageCellController.swift in Sources */,
				65841488292EBE5C0095A05C /* FeedImageCell.swift in Sources */,
				65A450A12932392E0084F70F /* FeedViewControllerTests+Assertions.swift in Sources */,
				65A45096293236100084F70F /* UIControl+TestHelpers.swift in Sources */,
				65A4509B293237A50084F70F /* FeedViewController+TestHelpers.swift in Sources */,
				65B0735428C76F0B00B7A061 /* FeedViewController.swift in Sources */,
				65A450942932358C0084F70F /* UIButton+TestHelpers.swift in Sources */,
				65A450B12934C9470084F70F /* FeedUIComposer.swift in Sources */,
				65A450AA29323F6E0084F70F /* FeedRefreshViewController.swift in Sources */,
				65A450A729323C120084F70F /* FeedImageDataLoader.swift in Sources */,
				65A4509D2932381F0084F70F /* FeedImageCell+TestHelpers.swift in Sources */,
				65E6577429671CD900D0CB9C /* FeedPresenter.swift in Sources */,
				65329BBB2940C80500C613E4 /* FeedImageViewModel.swift in Sources */,
				65A45090293234E30084F70F /* UIImage+TestHelpers.swift in Sources */,
				65B0735128C75DCF00B7A061 /* XCTestCase+MemoryLeakTracking.swift in Sources */,
				65A4509F2932387C0084F70F /* FeedViewControllerTests+LoaderSpy.swift in Sources */,
			);
			runOnlyForDeploymentPostprocessing = 0;
		};
		6565D0112850EC67006573D2 /* Sources */ = {
			isa = PBXSourcesBuildPhase;
			buildActionMask = 2147483647;
			files = (
				6565D0182850EC67006573D2 /* EssentialFeedAPIEndToEndTests.swift in Sources */,
				6565D01F2850FA71006573D2 /* XCTestCase+MemoryLeakTracking.swift in Sources */,
			);
			runOnlyForDeploymentPostprocessing = 0;
		};
		C1BF368327BEE52600EFEF6E /* Sources */ = {
			isa = PBXSourcesBuildPhase;
			buildActionMask = 2147483647;
			files = (
				65315410286C6885009F62E2 /* CoreDataHelpers.swift in Sources */,
				C1BF36A427BEE65600EFEF6E /* FeedLoader.swift in Sources */,
				C1D6EAB327F7048C00F520AB /* FeedItemMapper.swift in Sources */,
				6584F89F285A2A06007E6E1C /* RemoteFeedItem.swift in Sources */,
				65269527286500790074D9E0 /* FeedCachePolicy.swift in Sources */,
				C1BF36AF27C404FD00EFEF6E /* RemoteFeedLoader.swift in Sources */,
				65269536286B8A0A0074D9E0 /* FeedStore.xcdatamodeld in Sources */,
				6584F8A1285A2A59007E6E1C /* LocalFeedImage.swift in Sources */,
				6584F89D28590D30007E6E1C /* FeedStore.swift in Sources */,
				6584F89B28590CB0007E6E1C /* LocalFeedLoader.swift in Sources */,
				C1D6EAB127F7021100F520AB /* HTTPClient.swift in Sources */,
				C1BF36A227BEE58800EFEF6E /* FeedImage.swift in Sources */,
				6565D010284FF85F006573D2 /* URLSessionHTTPClient.swift in Sources */,
				65315412286C68F5009F62E2 /* ManagedCache.swift in Sources */,
				65269533286B88DA0074D9E0 /* CoreDataFeedStore.swift in Sources */,
				65315414286C68FF009F62E2 /* ManagedFeedImage.swift in Sources */,
			);
			runOnlyForDeploymentPostprocessing = 0;
		};
		C1BF368D27BEE52600EFEF6E /* Sources */ = {
			isa = PBXSourcesBuildPhase;
			buildActionMask = 2147483647;
			files = (
				6565D00B2844D5E4006573D2 /* URLSessionHTTPClientTests.swift in Sources */,
				6565D00E284F777C006573D2 /* XCTestCase+MemoryLeakTracking.swift in Sources */,
				65269531286B877B0074D9E0 /* CoreDataFeedStoreTests.swift in Sources */,
				6526952D286B16850074D9E0 /* FeedStoreSpecs.swift in Sources */,
				65CC4E0928648B7A00725797 /* FeedCacheTestHelpers.swift in Sources */,
				6526952F286B172A0074D9E0 /* XCTestCase+FeedStoreSpecs.swift in Sources */,
				65CC4E052862053A00725797 /* FeedStoreSpy.swift in Sources */,
				65CC4E0B28648C7C00725797 /* SharedTestHelpers.swift in Sources */,
				65CC4E022862033800725797 /* LoadFeedFromCacheUseCaseTests.swift in Sources */,
				65CC4E072864875600725797 /* ValidateFeedCacheUseCaseTests.swift in Sources */,
				6584F8982857C7E3007E6E1C /* CacheFeedUseCaseTests.swift in Sources */,
			);
			runOnlyForDeploymentPostprocessing = 0;
		};
/* End PBXSourcesBuildPhase section */

/* Begin PBXTargetDependency section */
		6531541F286CC025009F62E2 /* PBXTargetDependency */ = {
			isa = PBXTargetDependency;
			target = C1BF368627BEE52600EFEF6E /* EssentialFeed */;
			targetProxy = 6531541E286CC025009F62E2 /* PBXContainerItemProxy */;
		};
		653780F42881854000EF2620 /* PBXTargetDependency */ = {
			isa = PBXTargetDependency;
			target = 653780E72881853F00EF2620 /* EssentialFeediOS */;
			targetProxy = 653780F32881854000EF2620 /* PBXContainerItemProxy */;
		};
		6565D01B2850EC67006573D2 /* PBXTargetDependency */ = {
			isa = PBXTargetDependency;
			target = C1BF368627BEE52600EFEF6E /* EssentialFeed */;
			targetProxy = 6565D01A2850EC67006573D2 /* PBXContainerItemProxy */;
		};
		65B0734E28C75BAE00B7A061 /* PBXTargetDependency */ = {
			isa = PBXTargetDependency;
			platformFilter = ios;
			target = C1BF368627BEE52600EFEF6E /* EssentialFeed */;
			targetProxy = 65B0734D28C75BAE00B7A061 /* PBXContainerItemProxy */;
		};
		C1BF369427BEE52600EFEF6E /* PBXTargetDependency */ = {
			isa = PBXTargetDependency;
			target = C1BF368627BEE52600EFEF6E /* EssentialFeed */;
			targetProxy = C1BF369327BEE52600EFEF6E /* PBXContainerItemProxy */;
		};
/* End PBXTargetDependency section */

/* Begin XCBuildConfiguration section */
		65315421286CC025009F62E2 /* Debug */ = {
			isa = XCBuildConfiguration;
			buildSettings = {
				CODE_SIGN_STYLE = Automatic;
				CURRENT_PROJECT_VERSION = 1;
				DEVELOPMENT_TEAM = L56QRU7929;
				GENERATE_INFOPLIST_FILE = YES;
				MARKETING_VERSION = 1.0;
				PRODUCT_BUNDLE_IDENTIFIER = com.pedrohcalado.EssentialFeedCacheIntegrationTests;
				PRODUCT_NAME = "$(TARGET_NAME)";
				SUPPORTED_PLATFORMS = "macosx iphoneos iphonesimulator";
				SWIFT_EMIT_LOC_STRINGS = NO;
				SWIFT_VERSION = 5.0;
			};
			name = Debug;
		};
		65315422286CC025009F62E2 /* Release */ = {
			isa = XCBuildConfiguration;
			buildSettings = {
				CODE_SIGN_STYLE = Automatic;
				CURRENT_PROJECT_VERSION = 1;
				DEVELOPMENT_TEAM = L56QRU7929;
				GENERATE_INFOPLIST_FILE = YES;
				MARKETING_VERSION = 1.0;
				PRODUCT_BUNDLE_IDENTIFIER = com.pedrohcalado.EssentialFeedCacheIntegrationTests;
				PRODUCT_NAME = "$(TARGET_NAME)";
				SUPPORTED_PLATFORMS = "macosx iphoneos iphonesimulator";
				SWIFT_EMIT_LOC_STRINGS = NO;
				SWIFT_VERSION = 5.0;
			};
			name = Release;
		};
		653780F92881854000EF2620 /* Debug */ = {
			isa = XCBuildConfiguration;
			buildSettings = {
				CLANG_ENABLE_MODULES = YES;
				CODE_SIGN_STYLE = Automatic;
				CURRENT_PROJECT_VERSION = 1;
				DEFINES_MODULE = YES;
				DEVELOPMENT_TEAM = L56QRU7929;
				DYLIB_COMPATIBILITY_VERSION = 1;
				DYLIB_CURRENT_VERSION = 1;
				DYLIB_INSTALL_NAME_BASE = "@rpath";
				GENERATE_INFOPLIST_FILE = YES;
				INFOPLIST_KEY_NSHumanReadableCopyright = "";
				INSTALL_PATH = "$(LOCAL_LIBRARY_DIR)/Frameworks";
				IPHONEOS_DEPLOYMENT_TARGET = 16.2;
				LD_RUNPATH_SEARCH_PATHS = (
					"$(inherited)",
					"@executable_path/Frameworks",
					"@loader_path/Frameworks",
				);
				MARKETING_VERSION = 1.0;
				PRODUCT_BUNDLE_IDENTIFIER = com.pedrohcalado.EssentialFeediOS;
				PRODUCT_NAME = "$(TARGET_NAME:c99extidentifier)";
				SDKROOT = iphoneos;
				SKIP_INSTALL = YES;
				SWIFT_EMIT_LOC_STRINGS = YES;
				SWIFT_OPTIMIZATION_LEVEL = "-Onone";
				SWIFT_VERSION = 5.0;
				TARGETED_DEVICE_FAMILY = "1,2";
			};
			name = Debug;
		};
		653780FA2881854000EF2620 /* Release */ = {
			isa = XCBuildConfiguration;
			buildSettings = {
				CLANG_ENABLE_MODULES = YES;
				CODE_SIGN_STYLE = Automatic;
				CURRENT_PROJECT_VERSION = 1;
				DEFINES_MODULE = YES;
				DEVELOPMENT_TEAM = L56QRU7929;
				DYLIB_COMPATIBILITY_VERSION = 1;
				DYLIB_CURRENT_VERSION = 1;
				DYLIB_INSTALL_NAME_BASE = "@rpath";
				GENERATE_INFOPLIST_FILE = YES;
				INFOPLIST_KEY_NSHumanReadableCopyright = "";
				INSTALL_PATH = "$(LOCAL_LIBRARY_DIR)/Frameworks";
				IPHONEOS_DEPLOYMENT_TARGET = 16.2;
				LD_RUNPATH_SEARCH_PATHS = (
					"$(inherited)",
					"@executable_path/Frameworks",
					"@loader_path/Frameworks",
				);
				MARKETING_VERSION = 1.0;
				PRODUCT_BUNDLE_IDENTIFIER = com.pedrohcalado.EssentialFeediOS;
				PRODUCT_NAME = "$(TARGET_NAME:c99extidentifier)";
				SDKROOT = iphoneos;
				SKIP_INSTALL = YES;
				SWIFT_EMIT_LOC_STRINGS = YES;
				SWIFT_VERSION = 5.0;
				TARGETED_DEVICE_FAMILY = "1,2";
				VALIDATE_PRODUCT = YES;
			};
			name = Release;
		};
		653780FB2881854000EF2620 /* Debug */ = {
			isa = XCBuildConfiguration;
			buildSettings = {
				ALWAYS_EMBED_SWIFT_STANDARD_LIBRARIES = YES;
				CLANG_ENABLE_MODULES = YES;
				CODE_SIGN_STYLE = Automatic;
				CURRENT_PROJECT_VERSION = 1;
				DEVELOPMENT_TEAM = L56QRU7929;
				GENERATE_INFOPLIST_FILE = YES;
				IPHONEOS_DEPLOYMENT_TARGET = 16.2;
				LD_RUNPATH_SEARCH_PATHS = (
					"$(inherited)",
					"@executable_path/Frameworks",
					"@loader_path/Frameworks",
				);
				MARKETING_VERSION = 1.0;
				PRODUCT_BUNDLE_IDENTIFIER = com.pedrohcalado.EssentialFeediOSTests;
				PRODUCT_NAME = "$(TARGET_NAME)";
				SDKROOT = iphoneos;
				SWIFT_EMIT_LOC_STRINGS = NO;
				SWIFT_OPTIMIZATION_LEVEL = "-Onone";
				SWIFT_VERSION = 5.0;
				TARGETED_DEVICE_FAMILY = "1,2";
			};
			name = Debug;
		};
		653780FC2881854000EF2620 /* Release */ = {
			isa = XCBuildConfiguration;
			buildSettings = {
				ALWAYS_EMBED_SWIFT_STANDARD_LIBRARIES = YES;
				CLANG_ENABLE_MODULES = YES;
				CODE_SIGN_STYLE = Automatic;
				CURRENT_PROJECT_VERSION = 1;
				DEVELOPMENT_TEAM = L56QRU7929;
				GENERATE_INFOPLIST_FILE = YES;
				IPHONEOS_DEPLOYMENT_TARGET = 16.2;
				LD_RUNPATH_SEARCH_PATHS = (
					"$(inherited)",
					"@executable_path/Frameworks",
					"@loader_path/Frameworks",
				);
				MARKETING_VERSION = 1.0;
				PRODUCT_BUNDLE_IDENTIFIER = com.pedrohcalado.EssentialFeediOSTests;
				PRODUCT_NAME = "$(TARGET_NAME)";
				SDKROOT = iphoneos;
				SWIFT_EMIT_LOC_STRINGS = NO;
				SWIFT_VERSION = 5.0;
				TARGETED_DEVICE_FAMILY = "1,2";
				VALIDATE_PRODUCT = YES;
			};
			name = Release;
		};
		6565D01D2850EC67006573D2 /* Debug */ = {
			isa = XCBuildConfiguration;
			buildSettings = {
				CODE_SIGN_STYLE = Automatic;
				CURRENT_PROJECT_VERSION = 1;
				DEVELOPMENT_TEAM = L56QRU7929;
				GENERATE_INFOPLIST_FILE = YES;
				MARKETING_VERSION = 1.0;
				PRODUCT_BUNDLE_IDENTIFIER = com.pedrohcalado.EssentialFeedAPIEndToEndTests;
				PRODUCT_NAME = "$(TARGET_NAME)";
				SUPPORTED_PLATFORMS = "macosx iphonesimulator iphoneos";
				SWIFT_EMIT_LOC_STRINGS = NO;
				SWIFT_VERSION = 5.0;
			};
			name = Debug;
		};
		6565D01E2850EC67006573D2 /* Release */ = {
			isa = XCBuildConfiguration;
			buildSettings = {
				CODE_SIGN_STYLE = Automatic;
				CURRENT_PROJECT_VERSION = 1;
				DEVELOPMENT_TEAM = L56QRU7929;
				GENERATE_INFOPLIST_FILE = YES;
				MARKETING_VERSION = 1.0;
				PRODUCT_BUNDLE_IDENTIFIER = com.pedrohcalado.EssentialFeedAPIEndToEndTests;
				PRODUCT_NAME = "$(TARGET_NAME)";
				SUPPORTED_PLATFORMS = "macosx iphonesimulator iphoneos";
				SWIFT_EMIT_LOC_STRINGS = NO;
				SWIFT_VERSION = 5.0;
			};
			name = Release;
		};
		C1BF369927BEE52600EFEF6E /* Debug */ = {
			isa = XCBuildConfiguration;
			buildSettings = {
				ALWAYS_SEARCH_USER_PATHS = NO;
				CLANG_ANALYZER_NONNULL = YES;
				CLANG_ANALYZER_NUMBER_OBJECT_CONVERSION = YES_AGGRESSIVE;
				CLANG_CXX_LANGUAGE_STANDARD = "gnu++17";
				CLANG_CXX_LIBRARY = "libc++";
				CLANG_ENABLE_MODULES = YES;
				CLANG_ENABLE_OBJC_ARC = YES;
				CLANG_ENABLE_OBJC_WEAK = YES;
				CLANG_WARN_BLOCK_CAPTURE_AUTORELEASING = YES;
				CLANG_WARN_BOOL_CONVERSION = YES;
				CLANG_WARN_COMMA = YES;
				CLANG_WARN_CONSTANT_CONVERSION = YES;
				CLANG_WARN_DEPRECATED_OBJC_IMPLEMENTATIONS = YES;
				CLANG_WARN_DIRECT_OBJC_ISA_USAGE = YES_ERROR;
				CLANG_WARN_DOCUMENTATION_COMMENTS = YES;
				CLANG_WARN_EMPTY_BODY = YES;
				CLANG_WARN_ENUM_CONVERSION = YES;
				CLANG_WARN_INFINITE_RECURSION = YES;
				CLANG_WARN_INT_CONVERSION = YES;
				CLANG_WARN_NON_LITERAL_NULL_CONVERSION = YES;
				CLANG_WARN_OBJC_IMPLICIT_RETAIN_SELF = YES;
				CLANG_WARN_OBJC_LITERAL_CONVERSION = YES;
				CLANG_WARN_OBJC_ROOT_CLASS = YES_ERROR;
				CLANG_WARN_QUOTED_INCLUDE_IN_FRAMEWORK_HEADER = YES;
				CLANG_WARN_RANGE_LOOP_ANALYSIS = YES;
				CLANG_WARN_STRICT_PROTOTYPES = YES;
				CLANG_WARN_SUSPICIOUS_MOVE = YES;
				CLANG_WARN_UNGUARDED_AVAILABILITY = YES_AGGRESSIVE;
				CLANG_WARN_UNREACHABLE_CODE = YES;
				CLANG_WARN__DUPLICATE_METHOD_MATCH = YES;
				COPY_PHASE_STRIP = NO;
				CURRENT_PROJECT_VERSION = 1;
				DEBUG_INFORMATION_FORMAT = dwarf;
				ENABLE_STRICT_OBJC_MSGSEND = YES;
				ENABLE_TESTABILITY = YES;
				GCC_C_LANGUAGE_STANDARD = gnu11;
				GCC_DYNAMIC_NO_PIC = NO;
				GCC_NO_COMMON_BLOCKS = YES;
				GCC_OPTIMIZATION_LEVEL = 0;
				GCC_PREPROCESSOR_DEFINITIONS = (
					"DEBUG=1",
					"$(inherited)",
				);
				GCC_WARN_64_TO_32_BIT_CONVERSION = YES;
				GCC_WARN_ABOUT_RETURN_TYPE = YES_ERROR;
				GCC_WARN_UNDECLARED_SELECTOR = YES;
				GCC_WARN_UNINITIALIZED_AUTOS = YES_AGGRESSIVE;
				GCC_WARN_UNUSED_FUNCTION = YES;
				GCC_WARN_UNUSED_VARIABLE = YES;
				MACOSX_DEPLOYMENT_TARGET = 12.3;
				MTL_ENABLE_DEBUG_INFO = INCLUDE_SOURCE;
				MTL_FAST_MATH = YES;
				ONLY_ACTIVE_ARCH = YES;
				SDKROOT = macosx;
				SWIFT_ACTIVE_COMPILATION_CONDITIONS = DEBUG;
				SWIFT_OPTIMIZATION_LEVEL = "-Onone";
				SWIFT_VERSION = 5.0;
				VERSIONING_SYSTEM = "apple-generic";
				VERSION_INFO_PREFIX = "";
			};
			name = Debug;
		};
		C1BF369A27BEE52600EFEF6E /* Release */ = {
			isa = XCBuildConfiguration;
			buildSettings = {
				ALWAYS_SEARCH_USER_PATHS = NO;
				CLANG_ANALYZER_NONNULL = YES;
				CLANG_ANALYZER_NUMBER_OBJECT_CONVERSION = YES_AGGRESSIVE;
				CLANG_CXX_LANGUAGE_STANDARD = "gnu++17";
				CLANG_CXX_LIBRARY = "libc++";
				CLANG_ENABLE_MODULES = YES;
				CLANG_ENABLE_OBJC_ARC = YES;
				CLANG_ENABLE_OBJC_WEAK = YES;
				CLANG_WARN_BLOCK_CAPTURE_AUTORELEASING = YES;
				CLANG_WARN_BOOL_CONVERSION = YES;
				CLANG_WARN_COMMA = YES;
				CLANG_WARN_CONSTANT_CONVERSION = YES;
				CLANG_WARN_DEPRECATED_OBJC_IMPLEMENTATIONS = YES;
				CLANG_WARN_DIRECT_OBJC_ISA_USAGE = YES_ERROR;
				CLANG_WARN_DOCUMENTATION_COMMENTS = YES;
				CLANG_WARN_EMPTY_BODY = YES;
				CLANG_WARN_ENUM_CONVERSION = YES;
				CLANG_WARN_INFINITE_RECURSION = YES;
				CLANG_WARN_INT_CONVERSION = YES;
				CLANG_WARN_NON_LITERAL_NULL_CONVERSION = YES;
				CLANG_WARN_OBJC_IMPLICIT_RETAIN_SELF = YES;
				CLANG_WARN_OBJC_LITERAL_CONVERSION = YES;
				CLANG_WARN_OBJC_ROOT_CLASS = YES_ERROR;
				CLANG_WARN_QUOTED_INCLUDE_IN_FRAMEWORK_HEADER = YES;
				CLANG_WARN_RANGE_LOOP_ANALYSIS = YES;
				CLANG_WARN_STRICT_PROTOTYPES = YES;
				CLANG_WARN_SUSPICIOUS_MOVE = YES;
				CLANG_WARN_UNGUARDED_AVAILABILITY = YES_AGGRESSIVE;
				CLANG_WARN_UNREACHABLE_CODE = YES;
				CLANG_WARN__DUPLICATE_METHOD_MATCH = YES;
				COPY_PHASE_STRIP = NO;
				CURRENT_PROJECT_VERSION = 1;
				DEBUG_INFORMATION_FORMAT = "dwarf-with-dsym";
				ENABLE_NS_ASSERTIONS = NO;
				ENABLE_STRICT_OBJC_MSGSEND = YES;
				GCC_C_LANGUAGE_STANDARD = gnu11;
				GCC_NO_COMMON_BLOCKS = YES;
				GCC_WARN_64_TO_32_BIT_CONVERSION = YES;
				GCC_WARN_ABOUT_RETURN_TYPE = YES_ERROR;
				GCC_WARN_UNDECLARED_SELECTOR = YES;
				GCC_WARN_UNINITIALIZED_AUTOS = YES_AGGRESSIVE;
				GCC_WARN_UNUSED_FUNCTION = YES;
				GCC_WARN_UNUSED_VARIABLE = YES;
				MACOSX_DEPLOYMENT_TARGET = 12.3;
				MTL_ENABLE_DEBUG_INFO = NO;
				MTL_FAST_MATH = YES;
				SDKROOT = macosx;
				SWIFT_COMPILATION_MODE = wholemodule;
				SWIFT_OPTIMIZATION_LEVEL = "-O";
				SWIFT_VERSION = 5.0;
				VERSIONING_SYSTEM = "apple-generic";
				VERSION_INFO_PREFIX = "";
			};
			name = Release;
		};
		C1BF369C27BEE52600EFEF6E /* Debug */ = {
			isa = XCBuildConfiguration;
			buildSettings = {
				CODE_SIGN_STYLE = Automatic;
				COMBINE_HIDPI_IMAGES = YES;
				CURRENT_PROJECT_VERSION = 1;
				DEFINES_MODULE = YES;
				DEVELOPMENT_TEAM = L56QRU7929;
				DYLIB_COMPATIBILITY_VERSION = 1;
				DYLIB_CURRENT_VERSION = 1;
				DYLIB_INSTALL_NAME_BASE = "@rpath";
				GENERATE_INFOPLIST_FILE = YES;
				INFOPLIST_KEY_NSHumanReadableCopyright = "";
				INSTALL_PATH = "$(LOCAL_LIBRARY_DIR)/Frameworks";
				LD_RUNPATH_SEARCH_PATHS = (
					"$(inherited)",
					"@executable_path/../Frameworks",
					"@loader_path/Frameworks",
				);
				MACOSX_DEPLOYMENT_TARGET = 12.0;
				MARKETING_VERSION = 1.0;
				PRODUCT_BUNDLE_IDENTIFIER = com.pedrohcalado;
				PRODUCT_NAME = "$(TARGET_NAME:c99extidentifier)";
				SKIP_INSTALL = YES;
				SUPPORTED_PLATFORMS = "macosx iphonesimulator iphoneos";
				SWIFT_EMIT_LOC_STRINGS = YES;
				SWIFT_VERSION = 5.0;
			};
			name = Debug;
		};
		C1BF369D27BEE52600EFEF6E /* Release */ = {
			isa = XCBuildConfiguration;
			buildSettings = {
				CODE_SIGN_STYLE = Automatic;
				COMBINE_HIDPI_IMAGES = YES;
				CURRENT_PROJECT_VERSION = 1;
				DEFINES_MODULE = YES;
				DEVELOPMENT_TEAM = L56QRU7929;
				DYLIB_COMPATIBILITY_VERSION = 1;
				DYLIB_CURRENT_VERSION = 1;
				DYLIB_INSTALL_NAME_BASE = "@rpath";
				GENERATE_INFOPLIST_FILE = YES;
				INFOPLIST_KEY_NSHumanReadableCopyright = "";
				INSTALL_PATH = "$(LOCAL_LIBRARY_DIR)/Frameworks";
				LD_RUNPATH_SEARCH_PATHS = (
					"$(inherited)",
					"@executable_path/../Frameworks",
					"@loader_path/Frameworks",
				);
				MACOSX_DEPLOYMENT_TARGET = 12.0;
				MARKETING_VERSION = 1.0;
				PRODUCT_BUNDLE_IDENTIFIER = com.pedrohcalado;
				PRODUCT_NAME = "$(TARGET_NAME:c99extidentifier)";
				SKIP_INSTALL = YES;
				SUPPORTED_PLATFORMS = "macosx iphonesimulator iphoneos";
				SWIFT_EMIT_LOC_STRINGS = YES;
				SWIFT_VERSION = 5.0;
			};
			name = Release;
		};
		C1BF369F27BEE52600EFEF6E /* Debug */ = {
			isa = XCBuildConfiguration;
			buildSettings = {
				ALWAYS_EMBED_SWIFT_STANDARD_LIBRARIES = YES;
				CLANG_ENABLE_MODULES = YES;
				CODE_SIGN_STYLE = Automatic;
				COMBINE_HIDPI_IMAGES = YES;
				CURRENT_PROJECT_VERSION = 1;
				DEVELOPMENT_TEAM = L56QRU7929;
				GENERATE_INFOPLIST_FILE = YES;
				LD_RUNPATH_SEARCH_PATHS = (
					"$(inherited)",
					"@executable_path/../Frameworks",
					"@loader_path/../Frameworks",
				);
				MARKETING_VERSION = 1.0;
				PRODUCT_BUNDLE_IDENTIFIER = com.vaivoa.EssentialFeedTests;
				PRODUCT_NAME = "$(TARGET_NAME)";
				SUPPORTED_PLATFORMS = "macosx iphonesimulator iphoneos";
				SWIFT_EMIT_LOC_STRINGS = NO;
				SWIFT_OPTIMIZATION_LEVEL = "-Onone";
				SWIFT_VERSION = 5.0;
			};
			name = Debug;
		};
		C1BF36A027BEE52600EFEF6E /* Release */ = {
			isa = XCBuildConfiguration;
			buildSettings = {
				ALWAYS_EMBED_SWIFT_STANDARD_LIBRARIES = YES;
				CLANG_ENABLE_MODULES = YES;
				CODE_SIGN_STYLE = Automatic;
				COMBINE_HIDPI_IMAGES = YES;
				CURRENT_PROJECT_VERSION = 1;
				DEVELOPMENT_TEAM = L56QRU7929;
				GENERATE_INFOPLIST_FILE = YES;
				LD_RUNPATH_SEARCH_PATHS = (
					"$(inherited)",
					"@executable_path/../Frameworks",
					"@loader_path/../Frameworks",
				);
				MARKETING_VERSION = 1.0;
				PRODUCT_BUNDLE_IDENTIFIER = com.vaivoa.EssentialFeedTests;
				PRODUCT_NAME = "$(TARGET_NAME)";
				SUPPORTED_PLATFORMS = "macosx iphonesimulator iphoneos";
				SWIFT_EMIT_LOC_STRINGS = NO;
				SWIFT_VERSION = 5.0;
			};
			name = Release;
		};
/* End XCBuildConfiguration section */

/* Begin XCConfigurationList section */
		65315420286CC025009F62E2 /* Build configuration list for PBXNativeTarget "EssentialFeedCacheIntegrationTests" */ = {
			isa = XCConfigurationList;
			buildConfigurations = (
				65315421286CC025009F62E2 /* Debug */,
				65315422286CC025009F62E2 /* Release */,
			);
			defaultConfigurationIsVisible = 0;
			defaultConfigurationName = Release;
		};
		653780FD2881854000EF2620 /* Build configuration list for PBXNativeTarget "EssentialFeediOS" */ = {
			isa = XCConfigurationList;
			buildConfigurations = (
				653780F92881854000EF2620 /* Debug */,
				653780FA2881854000EF2620 /* Release */,
			);
			defaultConfigurationIsVisible = 0;
			defaultConfigurationName = Release;
		};
		653780FE2881854000EF2620 /* Build configuration list for PBXNativeTarget "EssentialFeediOSTests" */ = {
			isa = XCConfigurationList;
			buildConfigurations = (
				653780FB2881854000EF2620 /* Debug */,
				653780FC2881854000EF2620 /* Release */,
			);
			defaultConfigurationIsVisible = 0;
			defaultConfigurationName = Release;
		};
		6565D01C2850EC67006573D2 /* Build configuration list for PBXNativeTarget "EssentialFeedAPIEndToEndTests" */ = {
			isa = XCConfigurationList;
			buildConfigurations = (
				6565D01D2850EC67006573D2 /* Debug */,
				6565D01E2850EC67006573D2 /* Release */,
			);
			defaultConfigurationIsVisible = 0;
			defaultConfigurationName = Release;
		};
		C1BF368127BEE52600EFEF6E /* Build configuration list for PBXProject "EssentialFeed" */ = {
			isa = XCConfigurationList;
			buildConfigurations = (
				C1BF369927BEE52600EFEF6E /* Debug */,
				C1BF369A27BEE52600EFEF6E /* Release */,
			);
			defaultConfigurationIsVisible = 0;
			defaultConfigurationName = Release;
		};
		C1BF369B27BEE52600EFEF6E /* Build configuration list for PBXNativeTarget "EssentialFeed" */ = {
			isa = XCConfigurationList;
			buildConfigurations = (
				C1BF369C27BEE52600EFEF6E /* Debug */,
				C1BF369D27BEE52600EFEF6E /* Release */,
			);
			defaultConfigurationIsVisible = 0;
			defaultConfigurationName = Release;
		};
		C1BF369E27BEE52600EFEF6E /* Build configuration list for PBXNativeTarget "EssentialFeedTests" */ = {
			isa = XCConfigurationList;
			buildConfigurations = (
				C1BF369F27BEE52600EFEF6E /* Debug */,
				C1BF36A027BEE52600EFEF6E /* Release */,
			);
			defaultConfigurationIsVisible = 0;
			defaultConfigurationName = Release;
		};
/* End XCConfigurationList section */

/* Begin XCVersionGroup section */
		65269534286B8A0A0074D9E0 /* FeedStore.xcdatamodeld */ = {
			isa = XCVersionGroup;
			children = (
				65269535286B8A0A0074D9E0 /* FeedStore.xcdatamodel */,
			);
			currentVersion = 65269535286B8A0A0074D9E0 /* FeedStore.xcdatamodel */;
			path = FeedStore.xcdatamodeld;
			sourceTree = "<group>";
			versionGroupType = wrapper.xcdatamodel;
		};
/* End XCVersionGroup section */
	};
	rootObject = C1BF367E27BEE52600EFEF6E /* Project object */;
}
